// !$*UTF8*$!
{
	archiveVersion = 1;
	classes = {
	};
	objectVersion = 56;
	objects = {

/* Begin PBXBuildFile section */
		D4869E3D2B615EBC00D9E792 /* EchoApp.swift in Sources */ = {isa = PBXBuildFile; fileRef = D4869E3C2B615EBC00D9E792 /* EchoApp.swift */; };
		D4869E3F2B615EBC00D9E792 /* ContentView.swift in Sources */ = {isa = PBXBuildFile; fileRef = D4869E3E2B615EBC00D9E792 /* ContentView.swift */; };
		D4869E412B615EC000D9E792 /* Assets.xcassets in Resources */ = {isa = PBXBuildFile; fileRef = D4869E402B615EC000D9E792 /* Assets.xcassets */; };
		D4869E442B615EC000D9E792 /* Preview Assets.xcassets in Resources */ = {isa = PBXBuildFile; fileRef = D4869E432B615EC000D9E792 /* Preview Assets.xcassets */; };
		D4869E502B6162E900D9E792 /* Data.swift in Sources */ = {isa = PBXBuildFile; fileRef = D4869E4C2B6162E700D9E792 /* Data.swift */; };
		D4869E512B6162E900D9E792 /* Peer.swift in Sources */ = {isa = PBXBuildFile; fileRef = D4869E4D2B6162E800D9E792 /* Peer.swift */; };
		D4869E522B6162E900D9E792 /* Message.swift in Sources */ = {isa = PBXBuildFile; fileRef = D4869E4E2B6162E800D9E792 /* Message.swift */; };
		D4869E532B6162E900D9E792 /* PeerDatasource.swift in Sources */ = {isa = PBXBuildFile; fileRef = D4869E4F2B6162E900D9E792 /* PeerDatasource.swift */; };
/* End PBXBuildFile section */

/* Begin PBXFileReference section */
		D4869E392B615EBC00D9E792 /* Echo.app */ = {isa = PBXFileReference; explicitFileType = wrapper.application; includeInIndex = 0; path = Echo.app; sourceTree = BUILT_PRODUCTS_DIR; };
		D4869E3C2B615EBC00D9E792 /* EchoApp.swift */ = {isa = PBXFileReference; lastKnownFileType = sourcecode.swift; path = EchoApp.swift; sourceTree = "<group>"; };
		D4869E3E2B615EBC00D9E792 /* ContentView.swift */ = {isa = PBXFileReference; lastKnownFileType = sourcecode.swift; path = ContentView.swift; sourceTree = "<group>"; };
		D4869E402B615EC000D9E792 /* Assets.xcassets */ = {isa = PBXFileReference; lastKnownFileType = folder.assetcatalog; path = Assets.xcassets; sourceTree = "<group>"; };
		D4869E432B615EC000D9E792 /* Preview Assets.xcassets */ = {isa = PBXFileReference; lastKnownFileType = folder.assetcatalog; path = "Preview Assets.xcassets"; sourceTree = "<group>"; };
		D4869E452B615EC000D9E792 /* Echo.entitlements */ = {isa = PBXFileReference; lastKnownFileType = text.plist.entitlements; path = Echo.entitlements; sourceTree = "<group>"; };
		D4869E4C2B6162E700D9E792 /* Data.swift */ = {isa = PBXFileReference; fileEncoding = 4; lastKnownFileType = sourcecode.swift; path = Data.swift; sourceTree = "<group>"; };
		D4869E4D2B6162E800D9E792 /* Peer.swift */ = {isa = PBXFileReference; fileEncoding = 4; lastKnownFileType = sourcecode.swift; path = Peer.swift; sourceTree = "<group>"; };
		D4869E4E2B6162E800D9E792 /* Message.swift */ = {isa = PBXFileReference; fileEncoding = 4; lastKnownFileType = sourcecode.swift; path = Message.swift; sourceTree = "<group>"; };
		D4869E4F2B6162E900D9E792 /* PeerDatasource.swift */ = {isa = PBXFileReference; fileEncoding = 4; lastKnownFileType = sourcecode.swift; path = PeerDatasource.swift; sourceTree = "<group>"; };
/* End PBXFileReference section */

/* Begin PBXFrameworksBuildPhase section */
		D4869E362B615EBC00D9E792 /* Frameworks */ = {
			isa = PBXFrameworksBuildPhase;
			buildActionMask = 2147483647;
			files = (
			);
			runOnlyForDeploymentPostprocessing = 0;
		};
/* End PBXFrameworksBuildPhase section */

/* Begin PBXGroup section */
		D4869E302B615EBC00D9E792 = {
			isa = PBXGroup;
			children = (
				D4869E3B2B615EBC00D9E792 /* Echo */,
				D4869E3A2B615EBC00D9E792 /* Products */,
			);
			sourceTree = "<group>";
		};
		D4869E3A2B615EBC00D9E792 /* Products */ = {
			isa = PBXGroup;
			children = (
				D4869E392B615EBC00D9E792 /* Echo.app */,
			);
			name = Products;
			sourceTree = "<group>";
		};
		D4869E3B2B615EBC00D9E792 /* Echo */ = {
			isa = PBXGroup;
			children = (
				D4869E4B2B6162B300D9E792 /* CoreBonjour */,
				D4869E3C2B615EBC00D9E792 /* EchoApp.swift */,
				D4869E3E2B615EBC00D9E792 /* ContentView.swift */,
				D4869E402B615EC000D9E792 /* Assets.xcassets */,
				D4869E452B615EC000D9E792 /* Echo.entitlements */,
				D4869E422B615EC000D9E792 /* Preview Content */,
			);
			path = Echo;
			sourceTree = "<group>";
		};
		D4869E422B615EC000D9E792 /* Preview Content */ = {
			isa = PBXGroup;
			children = (
				D4869E432B615EC000D9E792 /* Preview Assets.xcassets */,
			);
			path = "Preview Content";
			sourceTree = "<group>";
		};
		D4869E4B2B6162B300D9E792 /* CoreBonjour */ = {
			isa = PBXGroup;
			children = (
				D4869E4C2B6162E700D9E792 /* Data.swift */,
				D4869E4E2B6162E800D9E792 /* Message.swift */,
				D4869E4D2B6162E800D9E792 /* Peer.swift */,
				D4869E4F2B6162E900D9E792 /* PeerDatasource.swift */,
			);
			path = CoreBonjour;
			sourceTree = "<group>";
		};
/* End PBXGroup section */

/* Begin PBXNativeTarget section */
		D4869E382B615EBC00D9E792 /* Echo */ = {
			isa = PBXNativeTarget;
			buildConfigurationList = D4869E482B615EC000D9E792 /* Build configuration list for PBXNativeTarget "Echo" */;
			buildPhases = (
				D4869E352B615EBC00D9E792 /* Sources */,
				D4869E362B615EBC00D9E792 /* Frameworks */,
				D4869E372B615EBC00D9E792 /* Resources */,
			);
			buildRules = (
			);
			dependencies = (
			);
			name = Echo;
			productName = Echo;
			productReference = D4869E392B615EBC00D9E792 /* Echo.app */;
			productType = "com.apple.product-type.application";
		};
/* End PBXNativeTarget section */

/* Begin PBXProject section */
		D4869E312B615EBC00D9E792 /* Project object */ = {
			isa = PBXProject;
			attributes = {
				BuildIndependentTargetsInParallel = 1;
				LastSwiftUpdateCheck = 1520;
				LastUpgradeCheck = 1520;
				TargetAttributes = {
					D4869E382B615EBC00D9E792 = {
						CreatedOnToolsVersion = 15.2;
					};
				};
			};
			buildConfigurationList = D4869E342B615EBC00D9E792 /* Build configuration list for PBXProject "Echo" */;
			compatibilityVersion = "Xcode 14.0";
			developmentRegion = en;
			hasScannedForEncodings = 0;
			knownRegions = (
				en,
				Base,
			);
			mainGroup = D4869E302B615EBC00D9E792;
			productRefGroup = D4869E3A2B615EBC00D9E792 /* Products */;
			projectDirPath = "";
			projectRoot = "";
			targets = (
				D4869E382B615EBC00D9E792 /* Echo */,
			);
		};
/* End PBXProject section */

/* Begin PBXResourcesBuildPhase section */
		D4869E372B615EBC00D9E792 /* Resources */ = {
			isa = PBXResourcesBuildPhase;
			buildActionMask = 2147483647;
			files = (
				D4869E442B615EC000D9E792 /* Preview Assets.xcassets in Resources */,
				D4869E412B615EC000D9E792 /* Assets.xcassets in Resources */,
			);
			runOnlyForDeploymentPostprocessing = 0;
		};
/* End PBXResourcesBuildPhase section */

/* Begin PBXSourcesBuildPhase section */
		D4869E352B615EBC00D9E792 /* Sources */ = {
			isa = PBXSourcesBuildPhase;
			buildActionMask = 2147483647;
			files = (
				D4869E532B6162E900D9E792 /* PeerDatasource.swift in Sources */,
				D4869E3F2B615EBC00D9E792 /* ContentView.swift in Sources */,
				D4869E512B6162E900D9E792 /* Peer.swift in Sources */,
				D4869E522B6162E900D9E792 /* Message.swift in Sources */,
				D4869E502B6162E900D9E792 /* Data.swift in Sources */,
				D4869E3D2B615EBC00D9E792 /* EchoApp.swift in Sources */,
			);
			runOnlyForDeploymentPostprocessing = 0;
		};
/* End PBXSourcesBuildPhase section */

/* Begin XCBuildConfiguration section */
		D4869E462B615EC000D9E792 /* Debug */ = {
			isa = XCBuildConfiguration;
			buildSettings = {
				ALWAYS_SEARCH_USER_PATHS = NO;
				ASSETCATALOG_COMPILER_GENERATE_SWIFT_ASSET_SYMBOL_EXTENSIONS = YES;
				CLANG_ANALYZER_NONNULL = YES;
				CLANG_ANALYZER_NUMBER_OBJECT_CONVERSION = YES_AGGRESSIVE;
				CLANG_CXX_LANGUAGE_STANDARD = "gnu++20";
				CLANG_ENABLE_MODULES = YES;
				CLANG_ENABLE_OBJC_ARC = YES;
				CLANG_ENABLE_OBJC_WEAK = YES;
				CLANG_WARN_BLOCK_CAPTURE_AUTORELEASING = YES;
				CLANG_WARN_BOOL_CONVERSION = YES;
				CLANG_WARN_COMMA = YES;
				CLANG_WARN_CONSTANT_CONVERSION = YES;
				CLANG_WARN_DEPRECATED_OBJC_IMPLEMENTATIONS = YES;
				CLANG_WARN_DIRECT_OBJC_ISA_USAGE = YES_ERROR;
				CLANG_WARN_DOCUMENTATION_COMMENTS = YES;
				CLANG_WARN_EMPTY_BODY = YES;
				CLANG_WARN_ENUM_CONVERSION = YES;
				CLANG_WARN_INFINITE_RECURSION = YES;
				CLANG_WARN_INT_CONVERSION = YES;
				CLANG_WARN_NON_LITERAL_NULL_CONVERSION = YES;
				CLANG_WARN_OBJC_IMPLICIT_RETAIN_SELF = YES;
				CLANG_WARN_OBJC_LITERAL_CONVERSION = YES;
				CLANG_WARN_OBJC_ROOT_CLASS = YES_ERROR;
				CLANG_WARN_QUOTED_INCLUDE_IN_FRAMEWORK_HEADER = YES;
				CLANG_WARN_RANGE_LOOP_ANALYSIS = YES;
				CLANG_WARN_STRICT_PROTOTYPES = YES;
				CLANG_WARN_SUSPICIOUS_MOVE = YES;
				CLANG_WARN_UNGUARDED_AVAILABILITY = YES_AGGRESSIVE;
				CLANG_WARN_UNREACHABLE_CODE = YES;
				CLANG_WARN__DUPLICATE_METHOD_MATCH = YES;
				COPY_PHASE_STRIP = NO;
				DEBUG_INFORMATION_FORMAT = dwarf;
				ENABLE_STRICT_OBJC_MSGSEND = YES;
				ENABLE_TESTABILITY = YES;
				ENABLE_USER_SCRIPT_SANDBOXING = YES;
				GCC_C_LANGUAGE_STANDARD = gnu17;
				GCC_DYNAMIC_NO_PIC = NO;
				GCC_NO_COMMON_BLOCKS = YES;
				GCC_OPTIMIZATION_LEVEL = 0;
				GCC_PREPROCESSOR_DEFINITIONS = (
					"DEBUG=1",
					"$(inherited)",
				);
				GCC_WARN_64_TO_32_BIT_CONVERSION = YES;
				GCC_WARN_ABOUT_RETURN_TYPE = YES_ERROR;
				GCC_WARN_UNDECLARED_SELECTOR = YES;
				GCC_WARN_UNINITIALIZED_AUTOS = YES_AGGRESSIVE;
				GCC_WARN_UNUSED_FUNCTION = YES;
				GCC_WARN_UNUSED_VARIABLE = YES;
				LOCALIZATION_PREFERS_STRING_CATALOGS = YES;
				MACOSX_DEPLOYMENT_TARGET = 14.2;
				MTL_ENABLE_DEBUG_INFO = INCLUDE_SOURCE;
				MTL_FAST_MATH = YES;
				ONLY_ACTIVE_ARCH = YES;
				SDKROOT = macosx;
				SWIFT_ACTIVE_COMPILATION_CONDITIONS = "DEBUG $(inherited)";
				SWIFT_OPTIMIZATION_LEVEL = "-Onone";
			};
			name = Debug;
		};
		D4869E472B615EC000D9E792 /* Release */ = {
			isa = XCBuildConfiguration;
			buildSettings = {
				ALWAYS_SEARCH_USER_PATHS = NO;
				ASSETCATALOG_COMPILER_GENERATE_SWIFT_ASSET_SYMBOL_EXTENSIONS = YES;
				CLANG_ANALYZER_NONNULL = YES;
				CLANG_ANALYZER_NUMBER_OBJECT_CONVERSION = YES_AGGRESSIVE;
				CLANG_CXX_LANGUAGE_STANDARD = "gnu++20";
				CLANG_ENABLE_MODULES = YES;
				CLANG_ENABLE_OBJC_ARC = YES;
				CLANG_ENABLE_OBJC_WEAK = YES;
				CLANG_WARN_BLOCK_CAPTURE_AUTORELEASING = YES;
				CLANG_WARN_BOOL_CONVERSION = YES;
				CLANG_WARN_COMMA = YES;
				CLANG_WARN_CONSTANT_CONVERSION = YES;
				CLANG_WARN_DEPRECATED_OBJC_IMPLEMENTATIONS = YES;
				CLANG_WARN_DIRECT_OBJC_ISA_USAGE = YES_ERROR;
				CLANG_WARN_DOCUMENTATION_COMMENTS = YES;
				CLANG_WARN_EMPTY_BODY = YES;
				CLANG_WARN_ENUM_CONVERSION = YES;
				CLANG_WARN_INFINITE_RECURSION = YES;
				CLANG_WARN_INT_CONVERSION = YES;
				CLANG_WARN_NON_LITERAL_NULL_CONVERSION = YES;
				CLANG_WARN_OBJC_IMPLICIT_RETAIN_SELF = YES;
				CLANG_WARN_OBJC_LITERAL_CONVERSION = YES;
				CLANG_WARN_OBJC_ROOT_CLASS = YES_ERROR;
				CLANG_WARN_QUOTED_INCLUDE_IN_FRAMEWORK_HEADER = YES;
				CLANG_WARN_RANGE_LOOP_ANALYSIS = YES;
				CLANG_WARN_STRICT_PROTOTYPES = YES;
				CLANG_WARN_SUSPICIOUS_MOVE = YES;
				CLANG_WARN_UNGUARDED_AVAILABILITY = YES_AGGRESSIVE;
				CLANG_WARN_UNREACHABLE_CODE = YES;
				CLANG_WARN__DUPLICATE_METHOD_MATCH = YES;
				COPY_PHASE_STRIP = NO;
				DEBUG_INFORMATION_FORMAT = "dwarf-with-dsym";
				ENABLE_NS_ASSERTIONS = NO;
				ENABLE_STRICT_OBJC_MSGSEND = YES;
				ENABLE_USER_SCRIPT_SANDBOXING = YES;
				GCC_C_LANGUAGE_STANDARD = gnu17;
				GCC_NO_COMMON_BLOCKS = YES;
				GCC_WARN_64_TO_32_BIT_CONVERSION = YES;
				GCC_WARN_ABOUT_RETURN_TYPE = YES_ERROR;
				GCC_WARN_UNDECLARED_SELECTOR = YES;
				GCC_WARN_UNINITIALIZED_AUTOS = YES_AGGRESSIVE;
				GCC_WARN_UNUSED_FUNCTION = YES;
				GCC_WARN_UNUSED_VARIABLE = YES;
				LOCALIZATION_PREFERS_STRING_CATALOGS = YES;
				MACOSX_DEPLOYMENT_TARGET = 14.2;
				MTL_ENABLE_DEBUG_INFO = NO;
				MTL_FAST_MATH = YES;
				SDKROOT = macosx;
				SWIFT_COMPILATION_MODE = wholemodule;
			};
			name = Release;
		};
		D4869E492B615EC000D9E792 /* Debug */ = {
			isa = XCBuildConfiguration;
			buildSettings = {
				ASSETCATALOG_COMPILER_APPICON_NAME = AppIcon;
				ASSETCATALOG_COMPILER_GLOBAL_ACCENT_COLOR_NAME = AccentColor;
				CODE_SIGN_ENTITLEMENTS = Echo/Echo.entitlements;
				CODE_SIGN_STYLE = Automatic;
				COMBINE_HIDPI_IMAGES = YES;
				CURRENT_PROJECT_VERSION = 1;
				DEVELOPMENT_ASSET_PATHS = "\"Echo/Preview Content\"";
				DEVELOPMENT_TEAM = P8ZWFYKNC8;
				ENABLE_HARDENED_RUNTIME = YES;
				ENABLE_PREVIEWS = YES;
				GENERATE_INFOPLIST_FILE = YES;
				INFOPLIST_KEY_NSHumanReadableCopyright = "";
				LD_RUNPATH_SEARCH_PATHS = (
					"$(inherited)",
					"@executable_path/../Frameworks",
				);
				MARKETING_VERSION = 1.0;
				PRODUCT_BUNDLE_IDENTIFIER = co.uk.cocoadelica.Echo;
				PRODUCT_NAME = "$(TARGET_NAME)";
				SWIFT_EMIT_LOC_STRINGS = YES;
				SWIFT_VERSION = 5.0;
			};
			name = Debug;
		};
		D4869E4A2B615EC000D9E792 /* Release */ = {
			isa = XCBuildConfiguration;
			buildSettings = {
				ASSETCATALOG_COMPILER_APPICON_NAME = AppIcon;
				ASSETCATALOG_COMPILER_GLOBAL_ACCENT_COLOR_NAME = AccentColor;
				CODE_SIGN_ENTITLEMENTS = Echo/Echo.entitlements;
				CODE_SIGN_STYLE = Automatic;
				COMBINE_HIDPI_IMAGES = YES;
				CURRENT_PROJECT_VERSION = 1;
				DEVELOPMENT_ASSET_PATHS = "\"Echo/Preview Content\"";
				DEVELOPMENT_TEAM = P8ZWFYKNC8;
				ENABLE_HARDENED_RUNTIME = YES;
				ENABLE_PREVIEWS = YES;
				GENERATE_INFOPLIST_FILE = YES;
				INFOPLIST_KEY_NSHumanReadableCopyright = "";
				LD_RUNPATH_SEARCH_PATHS = (
					"$(inherited)",
					"@executable_path/../Frameworks",
				);
				MARKETING_VERSION = 1.0;
				PRODUCT_BUNDLE_IDENTIFIER = co.uk.cocoadelica.Echo;
				PRODUCT_NAME = "$(TARGET_NAME)";
				SWIFT_EMIT_LOC_STRINGS = YES;
				SWIFT_VERSION = 5.0;
			};
			name = Release;
		};
/* End XCBuildConfiguration section */

/* Begin XCConfigurationList section */
		D4869E342B615EBC00D9E792 /* Build configuration list for PBXProject "Echo" */ = {
			isa = XCConfigurationList;
			buildConfigurations = (
				D4869E462B615EC000D9E792 /* Debug */,
				D4869E472B615EC000D9E792 /* Release */,
			);
			defaultConfigurationIsVisible = 0;
			defaultConfigurationName = Release;
		};
		D4869E482B615EC000D9E792 /* Build configuration list for PBXNativeTarget "Echo" */ = {
			isa = XCConfigurationList;
			buildConfigurations = (
				D4869E492B615EC000D9E792 /* Debug */,
				D4869E4A2B615EC000D9E792 /* Release */,
			);
			defaultConfigurationIsVisible = 0;
			defaultConfigurationName = Release;
		};
/* End XCConfigurationList section */
	};
	rootObject = D4869E312B615EBC00D9E792 /* Project object */;
}
